
Microsoft Visual Studio Solution File, Format Version 12.00
# Visual Studio Version 17
VisualStudioVersion = 17.14.36414.22 d17.14
MinimumVisualStudioVersion = 10.0.40219.1
Project("{FAE04EC0-301F-11D3-BF4B-00C04F79EFBC}") = "MedicalRecordsService", "MedicalRecordsService\MedicalRecordsService.csproj", "{8DD3E2E4-69C7-4916-B9D2-F5C5ABB8D3AA}"
EndProject
Global
	GlobalSection(SolutionConfigurationPlatforms) = preSolution
		Debug|Any CPU = Debug|Any CPU
		Release|Any CPU = Release|Any CPU
	EndGlobalSection
	GlobalSection(ProjectConfigurationPlatforms) = postSolution
		{8DD3E2E4-69C7-4916-B9D2-F5C5ABB8D3AA}.Debug|Any CPU.ActiveCfg = Debug|Any CPU
		{8DD3E2E4-69C7-4916-B9D2-F5C5ABB8D3AA}.Debug|Any CPU.Build.0 = Debug|Any CPU
		{8DD3E2E4-69C7-4916-B9D2-F5C5ABB8D3AA}.Release|Any CPU.ActiveCfg = Release|Any CPU
		{8DD3E2E4-69C7-4916-B9D2-F5C5ABB8D3AA}.Release|Any CPU.Build.0 = Release|Any CPU
	EndGlobalSection
	GlobalSection(SolutionProperties) = preSolution
		HideSolutionNode = FALSE
	EndGlobalSection
	GlobalSection(ExtensibilityGlobals) = postSolution
		SolutionGuid = {8D630CC8-2811-402E-9396-8419CDF1CF2A}
	EndGlobalSection
EndGlobal
